PODS:
  - DropDown (2.3.13)
  - IQKeyboardManager (6.5.6)
  - KCSForm-iOS (1.2.2):
    - DropDown
    - IQKeyboardManager

DEPENDENCIES:
  - KCSForm-iOS (from `../`)

SPEC REPOS:
  trunk:
    - DropDown
    - IQKeyboardManager

EXTERNAL SOURCES:
  KCSForm-iOS:
    :path: "../"

SPEC CHECKSUMS:
  DropDown: 8a2116376c1981888557f72ec2ffc9a5e0e456ec
  IQKeyboardManager: 2a6e97afdafc7becf0cb17a9a8d795e3a980717f
  KCSForm-iOS: 66018b0c02f5d87ec352ecc2ac398a3232ef883a

PODFILE CHECKSUM: aba6faa0d5cd3e8ed332feef99cf354dc53264b0

COCOAPODS: 1.10.0.beta.2
